
Microsoft Visual Studio Solution File, Format Version 12.00
# Visual Studio 14
VisualStudioVersion = 14.0.25420.1
MinimumVisualStudioVersion = 10.0.40219.1
Project("{FAE04EC0-301F-11D3-BF4B-00C04F79EFBC}") = "HomeCrud.Test", "HomeCrud.Test\HomeCrud.Test.csproj", "{DAFCA86B-CD51-43EC-BDFE-24E6B1F970CA}"
EndProject
Project("{FAE04EC0-301F-11D3-BF4B-00C04F79EFBC}") = "HomeCrud.Core", "HomeCrud.Core\HomeCrud.Core.csproj", "{2FC5E2A5-5B9C-459A-B17F-9AEBF8E37090}"
EndProject
Project("{FAE04EC0-301F-11D3-BF4B-00C04F79EFBC}") = "HomeCrud.DA.EntityFramework", "HomeCrud.DA.EntityFramework\HomeCrud.DA.EntityFramework.csproj", "{EC5BFC6C-9742-4710-9817-4427096E25AD}"
EndProject
Project("{FAE04EC0-301F-11D3-BF4B-00C04F79EFBC}") = "HomeCrud.DA.Common", "HomeCrud.DA.Abstract\HomeCrud.DA.Common.csproj", "{F1C067DD-A393-4BA5-94E0-7C2C3C675DF4}"
EndProject
Project("{2150E333-8FDC-42A3-9474-1A3956D46DE8}") = "Backend", "Backend", "{7FC249D6-1879-43A2-A769-274C565DF381}"
EndProject
Project("{2150E333-8FDC-42A3-9474-1A3956D46DE8}") = "Frontend", "Frontend", "{0DA07F52-2124-4684-B992-C127D7B4D4C5}"
EndProject
Project("{FAE04EC0-301F-11D3-BF4B-00C04F79EFBC}") = "HomeCrud.Entities", "HomeCrud.Entities\HomeCrud.Entities.csproj", "{0FFE093F-6E76-44C6-8ED7-D76DE7EADE19}"
EndProject
Project("{FAE04EC0-301F-11D3-BF4B-00C04F79EFBC}") = "HomeCrud.ModuleManager", "HomeCrud.ModuleManager\HomeCrud.ModuleManager.csproj", "{86449CD2-0053-46DE-92E9-D8B2F3F9E18B}"
EndProject
Project("{FAE04EC0-301F-11D3-BF4B-00C04F79EFBC}") = "HomeCrud.Web", "Frontend\HomeCrud.Web\HomeCrud.Web.csproj", "{40D05EBA-07E8-43F2-8031-1A929B93670E}"
EndProject
Global
	GlobalSection(SolutionConfigurationPlatforms) = preSolution
		Debug|Any CPU = Debug|Any CPU
		Release|Any CPU = Release|Any CPU
	EndGlobalSection
	GlobalSection(ProjectConfigurationPlatforms) = postSolution
		{DAFCA86B-CD51-43EC-BDFE-24E6B1F970CA}.Debug|Any CPU.ActiveCfg = Debug|Any CPU
		{DAFCA86B-CD51-43EC-BDFE-24E6B1F970CA}.Debug|Any CPU.Build.0 = Debug|Any CPU
		{DAFCA86B-CD51-43EC-BDFE-24E6B1F970CA}.Release|Any CPU.ActiveCfg = Release|Any CPU
		{DAFCA86B-CD51-43EC-BDFE-24E6B1F970CA}.Release|Any CPU.Build.0 = Release|Any CPU
		{2FC5E2A5-5B9C-459A-B17F-9AEBF8E37090}.Debug|Any CPU.ActiveCfg = Debug|Any CPU
		{2FC5E2A5-5B9C-459A-B17F-9AEBF8E37090}.Debug|Any CPU.Build.0 = Debug|Any CPU
		{2FC5E2A5-5B9C-459A-B17F-9AEBF8E37090}.Release|Any CPU.ActiveCfg = Release|Any CPU
		{2FC5E2A5-5B9C-459A-B17F-9AEBF8E37090}.Release|Any CPU.Build.0 = Release|Any CPU
		{EC5BFC6C-9742-4710-9817-4427096E25AD}.Debug|Any CPU.ActiveCfg = Debug|Any CPU
		{EC5BFC6C-9742-4710-9817-4427096E25AD}.Debug|Any CPU.Build.0 = Debug|Any CPU
		{EC5BFC6C-9742-4710-9817-4427096E25AD}.Release|Any CPU.ActiveCfg = Release|Any CPU
		{EC5BFC6C-9742-4710-9817-4427096E25AD}.Release|Any CPU.Build.0 = Release|Any CPU
		{F1C067DD-A393-4BA5-94E0-7C2C3C675DF4}.Debug|Any CPU.ActiveCfg = Debug|Any CPU
		{F1C067DD-A393-4BA5-94E0-7C2C3C675DF4}.Debug|Any CPU.Build.0 = Debug|Any CPU
		{F1C067DD-A393-4BA5-94E0-7C2C3C675DF4}.Release|Any CPU.ActiveCfg = Release|Any CPU
		{F1C067DD-A393-4BA5-94E0-7C2C3C675DF4}.Release|Any CPU.Build.0 = Release|Any CPU
		{0FFE093F-6E76-44C6-8ED7-D76DE7EADE19}.Debug|Any CPU.ActiveCfg = Debug|Any CPU
		{0FFE093F-6E76-44C6-8ED7-D76DE7EADE19}.Debug|Any CPU.Build.0 = Debug|Any CPU
		{0FFE093F-6E76-44C6-8ED7-D76DE7EADE19}.Release|Any CPU.ActiveCfg = Release|Any CPU
		{0FFE093F-6E76-44C6-8ED7-D76DE7EADE19}.Release|Any CPU.Build.0 = Release|Any CPU
		{86449CD2-0053-46DE-92E9-D8B2F3F9E18B}.Debug|Any CPU.ActiveCfg = Debug|Any CPU
		{86449CD2-0053-46DE-92E9-D8B2F3F9E18B}.Debug|Any CPU.Build.0 = Debug|Any CPU
		{86449CD2-0053-46DE-92E9-D8B2F3F9E18B}.Release|Any CPU.ActiveCfg = Release|Any CPU
		{86449CD2-0053-46DE-92E9-D8B2F3F9E18B}.Release|Any CPU.Build.0 = Release|Any CPU
		{40D05EBA-07E8-43F2-8031-1A929B93670E}.Debug|Any CPU.ActiveCfg = Debug|Any CPU
		{40D05EBA-07E8-43F2-8031-1A929B93670E}.Debug|Any CPU.Build.0 = Debug|Any CPU
		{40D05EBA-07E8-43F2-8031-1A929B93670E}.Release|Any CPU.ActiveCfg = Release|Any CPU
		{40D05EBA-07E8-43F2-8031-1A929B93670E}.Release|Any CPU.Build.0 = Release|Any CPU
	EndGlobalSection
	GlobalSection(SolutionProperties) = preSolution
		HideSolutionNode = FALSE
	EndGlobalSection
	GlobalSection(NestedProjects) = preSolution
		{DAFCA86B-CD51-43EC-BDFE-24E6B1F970CA} = {7FC249D6-1879-43A2-A769-274C565DF381}
		{2FC5E2A5-5B9C-459A-B17F-9AEBF8E37090} = {7FC249D6-1879-43A2-A769-274C565DF381}
		{EC5BFC6C-9742-4710-9817-4427096E25AD} = {7FC249D6-1879-43A2-A769-274C565DF381}
		{F1C067DD-A393-4BA5-94E0-7C2C3C675DF4} = {7FC249D6-1879-43A2-A769-274C565DF381}
		{0FFE093F-6E76-44C6-8ED7-D76DE7EADE19} = {7FC249D6-1879-43A2-A769-274C565DF381}
		{86449CD2-0053-46DE-92E9-D8B2F3F9E18B} = {7FC249D6-1879-43A2-A769-274C565DF381}
		{40D05EBA-07E8-43F2-8031-1A929B93670E} = {0DA07F52-2124-4684-B992-C127D7B4D4C5}
	EndGlobalSection
EndGlobal
